
Microsoft Visual Studio Solution File, Format Version 12.00
# Visual Studio 15
VisualStudioVersion = 15.0.26730.8
MinimumVisualStudioVersion = 10.0.40219.1
Project("{FAE04EC0-301F-11D3-BF4B-00C04F79EFBC}") = "WebVideoServer", "WebVideoServer\WebVideoServer.csproj", "{2FCFF583-1A11-41E7-AF57-3D45912D8400}"
EndProject
Global
	GlobalSection(SolutionConfigurationPlatforms) = preSolution
		Debug|Any CPU = Debug|Any CPU
		Release|Any CPU = Release|Any CPU
	EndGlobalSection
	GlobalSection(ProjectConfigurationPlatforms) = postSolution
		{2FCFF583-1A11-41E7-AF57-3D45912D8400}.Debug|Any CPU.ActiveCfg = Debug|Any CPU
		{2FCFF583-1A11-41E7-AF57-3D45912D8400}.Debug|Any CPU.Build.0 = Debug|Any CPU
		{2FCFF583-1A11-41E7-AF57-3D45912D8400}.Release|Any CPU.ActiveCfg = Release|Any CPU
		{2FCFF583-1A11-41E7-AF57-3D45912D8400}.Release|Any CPU.Build.0 = Release|Any CPU
	EndGlobalSection
	GlobalSection(SolutionProperties) = preSolution
		HideSolutionNode = FALSE
	EndGlobalSection
	GlobalSection(ExtensibilityGlobals) = postSolution
		SolutionGuid = {E57600E6-C1D4-4902-BE5C-0052AD780014}
	EndGlobalSection
EndGlobal
